
Microsoft Visual Studio Solution File, Format Version 12.00
# Visual Studio Version 17
VisualStudioVersion = 17.14.36811.4 d17.14
MinimumVisualStudioVersion = 10.0.40219.1
Project("{FAE04EC0-301F-11D3-BF4B-00C04F79EFBC}") = "orderSystem", "orderSystem.csproj", "{3A473FAD-3140-4861-B00C-4249229B81A2}"
EndProject
Global
	GlobalSection(SolutionConfigurationPlatforms) = preSolution
		Debug|Any CPU = Debug|Any CPU
		Release|Any CPU = Release|Any CPU
	EndGlobalSection
	GlobalSection(ProjectConfigurationPlatforms) = postSolution
		{3A473FAD-3140-4861-B00C-4249229B81A2}.Debug|Any CPU.ActiveCfg = Debug|Any CPU
		{3A473FAD-3140-4861-B00C-4249229B81A2}.Debug|Any CPU.Build.0 = Debug|Any CPU
		{3A473FAD-3140-4861-B00C-4249229B81A2}.Release|Any CPU.ActiveCfg = Release|Any CPU
		{3A473FAD-3140-4861-B00C-4249229B81A2}.Release|Any CPU.Build.0 = Release|Any CPU
	EndGlobalSection
	GlobalSection(SolutionProperties) = preSolution
		HideSolutionNode = FALSE
	EndGlobalSection
	GlobalSection(ExtensibilityGlobals) = postSolution
		SolutionGuid = {E5F687ED-EA82-415F-A90D-91F17817E2B3}
	EndGlobalSection
EndGlobal
