
Microsoft Visual Studio Solution File, Format Version 12.00
# Visual Studio Version 18
VisualStudioVersion = 18.4.11605.240
MinimumVisualStudioVersion = 10.0.40219.1
Project("{FAE04EC0-301F-11D3-BF4B-00C04F79EFBC}") = "orderSystem", "orderSystem.csproj", "{3A473FAD-3140-4861-B00C-4249229B81A2}"
EndProject
Project("{FAE04EC0-301F-11D3-BF4B-00C04F79EFBC}") = "OrderData", "OrderData\OrderData.csproj", "{6117E420-AAA4-492D-99A8-DB01568182CD}"
EndProject
Project("{FAE04EC0-301F-11D3-BF4B-00C04F79EFBC}") = "OrderDataService", "OrderDataService\OrderDataService.csproj", "{DE1416D4-B908-4D7A-9D83-5D7A41836B33}"
EndProject
Project("{FAE04EC0-301F-11D3-BF4B-00C04F79EFBC}") = "OrderManagerService", "OrderManagerService\OrderManagerService.csproj", "{C31055AE-0FA2-43ED-8770-0B0011549E0A}"
EndProject
Global
	GlobalSection(SolutionConfigurationPlatforms) = preSolution
		Debug|Any CPU = Debug|Any CPU
		Release|Any CPU = Release|Any CPU
	EndGlobalSection
	GlobalSection(ProjectConfigurationPlatforms) = postSolution
		{3A473FAD-3140-4861-B00C-4249229B81A2}.Debug|Any CPU.ActiveCfg = Debug|Any CPU
		{3A473FAD-3140-4861-B00C-4249229B81A2}.Debug|Any CPU.Build.0 = Debug|Any CPU
		{3A473FAD-3140-4861-B00C-4249229B81A2}.Release|Any CPU.ActiveCfg = Release|Any CPU
		{3A473FAD-3140-4861-B00C-4249229B81A2}.Release|Any CPU.Build.0 = Release|Any CPU
		{6117E420-AAA4-492D-99A8-DB01568182CD}.Debug|Any CPU.ActiveCfg = Debug|Any CPU
		{6117E420-AAA4-492D-99A8-DB01568182CD}.Debug|Any CPU.Build.0 = Debug|Any CPU
		{6117E420-AAA4-492D-99A8-DB01568182CD}.Release|Any CPU.ActiveCfg = Release|Any CPU
		{6117E420-AAA4-492D-99A8-DB01568182CD}.Release|Any CPU.Build.0 = Release|Any CPU
		{DE1416D4-B908-4D7A-9D83-5D7A41836B33}.Debug|Any CPU.ActiveCfg = Debug|Any CPU
		{DE1416D4-B908-4D7A-9D83-5D7A41836B33}.Debug|Any CPU.Build.0 = Debug|Any CPU
		{DE1416D4-B908-4D7A-9D83-5D7A41836B33}.Release|Any CPU.ActiveCfg = Release|Any CPU
		{DE1416D4-B908-4D7A-9D83-5D7A41836B33}.Release|Any CPU.Build.0 = Release|Any CPU
		{C31055AE-0FA2-43ED-8770-0B0011549E0A}.Debug|Any CPU.ActiveCfg = Debug|Any CPU
		{C31055AE-0FA2-43ED-8770-0B0011549E0A}.Debug|Any CPU.Build.0 = Debug|Any CPU
		{C31055AE-0FA2-43ED-8770-0B0011549E0A}.Release|Any CPU.ActiveCfg = Release|Any CPU
		{C31055AE-0FA2-43ED-8770-0B0011549E0A}.Release|Any CPU.Build.0 = Release|Any CPU
	EndGlobalSection
	GlobalSection(SolutionProperties) = preSolution
		HideSolutionNode = FALSE
	EndGlobalSection
	GlobalSection(ExtensibilityGlobals) = postSolution
		SolutionGuid = {E5F687ED-EA82-415F-A90D-91F17817E2B3}
	EndGlobalSection
EndGlobal
